
Microsoft Visual Studio Solution File, Format Version 12.00
# Visual Studio Version 17
VisualStudioVersion = 17.9.34714.143
MinimumVisualStudioVersion = 10.0.40219.1
Project("{FAE04EC0-301F-11D3-BF4B-00C04F79EFBC}") = "FilmRental", "FilmRental.csproj", "{EC310D7C-6C84-4159-B1FA-C471EBC248EC}"
EndProject
Global
	GlobalSection(SolutionConfigurationPlatforms) = preSolution
		Debug|Any CPU = Debug|Any CPU
		Release|Any CPU = Release|Any CPU
	EndGlobalSection
	GlobalSection(ProjectConfigurationPlatforms) = postSolution
		{EC310D7C-6C84-4159-B1FA-C471EBC248EC}.Debug|Any CPU.ActiveCfg = Debug|Any CPU
		{EC310D7C-6C84-4159-B1FA-C471EBC248EC}.Debug|Any CPU.Build.0 = Debug|Any CPU
		{EC310D7C-6C84-4159-B1FA-C471EBC248EC}.Release|Any CPU.ActiveCfg = Release|Any CPU
		{EC310D7C-6C84-4159-B1FA-C471EBC248EC}.Release|Any CPU.Build.0 = Release|Any CPU
	EndGlobalSection
	GlobalSection(SolutionProperties) = preSolution
		HideSolutionNode = FALSE
	EndGlobalSection
	GlobalSection(ExtensibilityGlobals) = postSolution
		SolutionGuid = {165F9A28-99E4-4C44-ACC4-CC878CD4E8F7}
	EndGlobalSection
EndGlobal
